
Microsoft Visual Studio Solution File, Format Version 12.00
# Visual Studio 15
VisualStudioVersion = 15.0.27703.2035
MinimumVisualStudioVersion = 10.0.40219.1
Project("{FAE04EC0-301F-11D3-BF4B-00C04F79EFBC}") = "MVAIntermediate", "MVAIntermediate\MVAIntermediate.csproj", "{7B520017-FCD0-47C0-967D-6CCEF144B093}"
EndProject
Global
	GlobalSection(SolutionConfigurationPlatforms) = preSolution
		Debug|Any CPU = Debug|Any CPU
		Release|Any CPU = Release|Any CPU
	EndGlobalSection
	GlobalSection(ProjectConfigurationPlatforms) = postSolution
		{7B520017-FCD0-47C0-967D-6CCEF144B093}.Debug|Any CPU.ActiveCfg = Debug|Any CPU
		{7B520017-FCD0-47C0-967D-6CCEF144B093}.Debug|Any CPU.Build.0 = Debug|Any CPU
		{7B520017-FCD0-47C0-967D-6CCEF144B093}.Release|Any CPU.ActiveCfg = Release|Any CPU
		{7B520017-FCD0-47C0-967D-6CCEF144B093}.Release|Any CPU.Build.0 = Release|Any CPU
	EndGlobalSection
	GlobalSection(SolutionProperties) = preSolution
		HideSolutionNode = FALSE
	EndGlobalSection
	GlobalSection(ExtensibilityGlobals) = postSolution
		SolutionGuid = {73E276F5-B480-463C-AB07-9A45C8A092F1}
	EndGlobalSection
EndGlobal
